{
    "_meta": {
        "hash": {
            "sha256": "9ee77c5198a166f9a632348a5ea3dbbc57a039dbaa83705a8f6da862bb773588"
        },
        "pipfile-spec": 6,
        "requires": {
            "python_version": "3.7"
        },
        "sources": [
            {
                "name": "pypi",
                "url": "https://pypi.python.org/simple",
                "verify_ssl": true
            }
        ]
    },
    "default": {
        "appdirs": {
            "hashes": [
                "sha256:85e58578db8f29538f3109c11250c2a5514a2fcdc9890d9b2fe777eb55517736",
                "sha256:8fc245efb4387a4e3e0ac8ebcc704582df7d72ff6a42a53f5600bbb18fdaadc5"
            ],
            "index": "pypi",
            "version": "==1.4.0"
        },
        "django": {
            "hashes": [
                "sha256:7a233322eeb35da5fd8315f9e5dd48f2171de43ca2cfb11b138607daa4bf8a2f",
                "sha256:cc2ee91769af012654ae4904b6704f2fa0cc6b283675869c2f2ed879eaba11e8"
            ],
            "index": "pypi",
            "version": "==1.9.2"
        },
        "django-cors-headers": {
            "hashes": [
                "sha256:3bb6aa645ecd27375350a8eb534705458c21ac21cdd955d0601237bdaa9af171",
                "sha256:a810d81dbdff01824e23cb9e60c7371112f282bc35dde292187eec07b9332275"
            ],
            "index": "pypi",
            "version": "==2.0.0"
        },
        "pyparsing": {
            "hashes": [
                "sha256:0aa6e8d8c3f9c447a95a33bb04b103ead630121c3f4233e2980348cecf8b69c8",
                "sha256:0fef8411ad305909b1a679471d66f25ef4477f24666598deceb4bb640c2eb6c2",
                "sha256:4fa446b1c36509e75d883a1a552b51dda9b82bfd914a24ded17ceb5d90b53cc5",
                "sha256:67101d7acee692962f33dd30b5dce079ff532dd9aa99ff48d52a3dad51d2fe84",
                "sha256:811c3e7b0031021137fc83e051795025fcb98674d07eb8fe922ba4de53d39188",
                "sha256:a00f6e57bf4e2b3d999223d36c14d839f12145d5b1f12126124424e8c43d856e",
                "sha256:a163f9079b84da728e4967e3f36476ed168d86b2fc2f49c6e609125600f9d60b",
                "sha256:a27bf672302765ab04ed5c976dd44c55c0702f7a25a5e5e78bc91207d5b07da4"
            ],
            "index": "pypi",
            "version": "==2.1.10"
        },
        "six": {
            "hashes": [
                "sha256:0ff78c403d9bccf5a425a6d31a12aa6b47f1c21ca4dc2573a7e2f32a97335eb1",
                "sha256:105f8d68616f8248e24bf0e9372ef04d3cc10104f1980f54d57b2ce73a5ad56a"
            ],
            "index": "pypi",
            "version": "==1.10.0"
        }
    },
    "develop": {}
}
